{
  "version": 4,
  "terraform_version": "1.7.4",
  "serial": 104,
  "lineage": "a9f5abe3-d445-412c-31f6-7bd49309dc2c",
  "outputs": {},
  "resources": [
    {
      "mode": "managed",
      "type": "google_artifact_registry_repository",
      "name": "my-repo",
      "provider": "provider[\"registry.terraform.io/hashicorp/google\"]",
      "instances": [
        {
          "schema_version": 0,
          "attributes": {
            "create_time": "2024-05-20T11:17:35.528520Z",
            "description": "Repository for the experiment ",
            "format": "DOCKER",
            "id": "projects/bachelorthesis-421507/locations/europe-west1/repositories/mythesisimages",
            "kms_key_name": "",
            "labels": {},
            "location": "europe-west1",
            "maven_config": [],
            "name": "mythesisimages",
            "project": "bachelorthesis-421507",
            "repository_id": "mythesisimages",
            "timeouts": null,
            "update_time": "2024-05-20T11:51:08.648549Z"
          },
          "sensitive_attributes": [],
          "private": "eyJlMmJmYjczMC1lY2FhLTExZTYtOGY4OC0zNDM2M2JjN2M0YzAiOnsiY3JlYXRlIjoxMjAwMDAwMDAwMDAwLCJkZWxldGUiOjEyMDAwMDAwMDAwMDAsInVwZGF0ZSI6MTIwMDAwMDAwMDAwMH19"
        }
      ]
    },
    {
      "mode": "managed",
      "type": "google_artifact_registry_repository_iam_binding",
      "name": "repo_writer",
      "provider": "provider[\"registry.terraform.io/hashicorp/google\"]",
      "instances": [
        {
          "schema_version": 0,
          "attributes": {
            "condition": [],
            "etag": "BwYY4NnCl9g=",
            "id": "projects/bachelorthesis-421507/locations/europe-west1/repositories/mythesisimages/roles/artifactregistry.writer",
            "location": "europe-west1",
            "members": [
              "serviceAccount:cloud-run-batch-job-sa@bachelorthesis-421507.iam.gserviceaccount.com"
            ],
            "project": "bachelorthesis-421507",
            "repository": "projects/bachelorthesis-421507/locations/europe-west1/repositories/mythesisimages",
            "role": "roles/artifactregistry.writer"
          },
          "sensitive_attributes": [],
          "private": "bnVsbA==",
          "dependencies": [
            "google_artifact_registry_repository.my-repo",
            "google_service_account.cloud_run_sa"
          ]
        }
      ]
    },
    {
      "mode": "managed",
      "type": "google_cloud_run_v2_job",
      "name": "gradual_experiments",
      "provider": "provider[\"registry.terraform.io/hashicorp/google\"]",
      "instances": [
        {
          "schema_version": 0,
          "attributes": {
            "binary_authorization": [],
            "client": "",
            "client_version": "",
            "conditions": [],
            "etag": "\"COH4rLIGEOCj4JUD/cHJvamVjdHMvYmFjaGVsb3J0aGVzaXMtNDIxNTA3L2xvY2F0aW9ucy9ldXJvcGUtd2VzdDEvam9icy9ncmFkdWFsLWpvYg\"",
            "execution_count": 0,
            "generation": "1",
            "id": "projects/bachelorthesis-421507/locations/europe-west1/jobs/gradual-job",
            "labels": {},
            "latest_created_execution": [
              {
                "completion_time": "1970-01-01T00:00:00Z",
                "create_time": "1970-01-01T00:00:00Z",
                "name": ""
              }
            ],
            "launch_stage": "GA",
            "location": "europe-west1",
            "name": "gradual-job",
            "observed_generation": "1",
            "project": "bachelorthesis-421507",
            "reconciling": false,
            "template": [
              {
                "labels": {},
                "parallelism": 0,
                "task_count": 1,
                "template": [
                  {
                    "containers": [
                      {
                        "args": [],
                        "command": [],
                        "env": [],
                        "image": "europe-west1-docker.pkg.dev/bachelorthesis-421507/mythesisimages/gradualexperiments:latest",
                        "liveness_probe": [],
                        "name": "",
                        "ports": [],
                        "resources": [
                          {
                            "limits": {
                              "cpu": "1",
                              "memory": "512Mi"
                            }
                          }
                        ],
                        "startup_probe": [],
                        "volume_mounts": [],
                        "working_dir": ""
                      }
                    ],
                    "encryption_key": "",
                    "execution_environment": "EXECUTION_ENVIRONMENT_GEN2",
                    "max_retries": 3,
                    "service_account": "cloud-run-batch-job-sa@bachelorthesis-421507.iam.gserviceaccount.com",
                    "timeout": "600s",
                    "volumes": [],
                    "vpc_access": []
                  }
                ]
              }
            ],
            "terminal_condition": [
              {
                "execution_reason": "",
                "last_transition_time": "2024-05-20T12:04:50.046214Z",
                "message": "",
                "reason": "",
                "revision_reason": "",
                "severity": "",
                "state": "CONDITION_SUCCEEDED",
                "type": "Ready"
              }
            ],
            "timeouts": null,
            "uid": "14fbafd9-d5fc-4a1d-b8b2-e34d425029ce"
          },
          "sensitive_attributes": [],
          "private": "eyJlMmJmYjczMC1lY2FhLTExZTYtOGY4OC0zNDM2M2JjN2M0YzAiOnsiY3JlYXRlIjoxMjAwMDAwMDAwMDAwLCJkZWxldGUiOjEyMDAwMDAwMDAwMDAsInVwZGF0ZSI6MTIwMDAwMDAwMDAwMH19",
          "dependencies": [
            "google_service_account.cloud_run_sa"
          ]
        }
      ]
    },
    {
      "mode": "managed",
      "type": "google_cloud_run_v2_job",
      "name": "incremental_experiments",
      "provider": "provider[\"registry.terraform.io/hashicorp/google\"]",
      "instances": [
        {
          "schema_version": 0,
          "attributes": {
            "binary_authorization": [],
            "client": "",
            "client_version": "",
            "conditions": [],
            "etag": "\"COH4rLIGEOj8udQD/cHJvamVjdHMvYmFjaGVsb3J0aGVzaXMtNDIxNTA3L2xvY2F0aW9ucy9ldXJvcGUtd2VzdDEvam9icy9pbmNyZW1lbnRhbC1qb2I\"",
            "execution_count": 0,
            "generation": "1",
            "id": "projects/bachelorthesis-421507/locations/europe-west1/jobs/incremental-job",
            "labels": {},
            "latest_created_execution": [
              {
                "completion_time": "1970-01-01T00:00:00Z",
                "create_time": "1970-01-01T00:00:00Z",
                "name": ""
              }
            ],
            "launch_stage": "GA",
            "location": "europe-west1",
            "name": "incremental-job",
            "observed_generation": "1",
            "project": "bachelorthesis-421507",
            "reconciling": false,
            "template": [
              {
                "labels": {},
                "parallelism": 0,
                "task_count": 1,
                "template": [
                  {
                    "containers": [
                      {
                        "args": [],
                        "command": [],
                        "env": [],
                        "image": "europe-west1-docker.pkg.dev/bachelorthesis-421507/mythesisimages/incrementalexperiments:latest",
                        "liveness_probe": [],
                        "name": "",
                        "ports": [],
                        "resources": [
                          {
                            "limits": {
                              "cpu": "1",
                              "memory": "512Mi"
                            }
                          }
                        ],
                        "startup_probe": [],
                        "volume_mounts": [],
                        "working_dir": ""
                      }
                    ],
                    "encryption_key": "",
                    "execution_environment": "EXECUTION_ENVIRONMENT_GEN2",
                    "max_retries": 3,
                    "service_account": "cloud-run-batch-job-sa@bachelorthesis-421507.iam.gserviceaccount.com",
                    "timeout": "600s",
                    "volumes": [],
                    "vpc_access": []
                  }
                ]
              }
            ],
            "terminal_condition": [
              {
                "execution_reason": "",
                "last_transition_time": "2024-05-20T12:04:50.200882Z",
                "message": "",
                "reason": "",
                "revision_reason": "",
                "severity": "",
                "state": "CONDITION_SUCCEEDED",
                "type": "Ready"
              }
            ],
            "timeouts": null,
            "uid": "8bb59577-5330-448a-9912-6889c71dbc5f"
          },
          "sensitive_attributes": [],
          "private": "eyJlMmJmYjczMC1lY2FhLTExZTYtOGY4OC0zNDM2M2JjN2M0YzAiOnsiY3JlYXRlIjoxMjAwMDAwMDAwMDAwLCJkZWxldGUiOjEyMDAwMDAwMDAwMDAsInVwZGF0ZSI6MTIwMDAwMDAwMDAwMH19",
          "dependencies": [
            "google_service_account.cloud_run_sa"
          ]
        }
      ]
    },
    {
      "mode": "managed",
      "type": "google_cloud_run_v2_job",
      "name": "recurring_experiments",
      "provider": "provider[\"registry.terraform.io/hashicorp/google\"]",
      "instances": [
        {
          "schema_version": 0,
          "attributes": {
            "binary_authorization": [],
            "client": "",
            "client_version": "",
            "conditions": [],
            "etag": "\"COH4rLIGEOil7KMD/cHJvamVjdHMvYmFjaGVsb3J0aGVzaXMtNDIxNTA3L2xvY2F0aW9ucy9ldXJvcGUtd2VzdDEvam9icy9yZWN1cnJpbmctam9i\"",
            "execution_count": 0,
            "generation": "1",
            "id": "projects/bachelorthesis-421507/locations/europe-west1/jobs/recurring-job",
            "labels": {},
            "latest_created_execution": [
              {
                "completion_time": "1970-01-01T00:00:00Z",
                "create_time": "1970-01-01T00:00:00Z",
                "name": ""
              }
            ],
            "launch_stage": "GA",
            "location": "europe-west1",
            "name": "recurring-job",
            "observed_generation": "1",
            "project": "bachelorthesis-421507",
            "reconciling": false,
            "template": [
              {
                "labels": {},
                "parallelism": 0,
                "task_count": 1,
                "template": [
                  {
                    "containers": [
                      {
                        "args": [],
                        "command": [],
                        "env": [],
                        "image": "europe-west1-docker.pkg.dev/bachelorthesis-421507/mythesisimages/recurringexperiments:latest",
                        "liveness_probe": [],
                        "name": "",
                        "ports": [],
                        "resources": [
                          {
                            "limits": {
                              "cpu": "1",
                              "memory": "512Mi"
                            }
                          }
                        ],
                        "startup_probe": [],
                        "volume_mounts": [],
                        "working_dir": ""
                      }
                    ],
                    "encryption_key": "",
                    "execution_environment": "EXECUTION_ENVIRONMENT_GEN2",
                    "max_retries": 3,
                    "service_account": "cloud-run-batch-job-sa@bachelorthesis-421507.iam.gserviceaccount.com",
                    "timeout": "600s",
                    "volumes": [],
                    "vpc_access": []
                  }
                ]
              }
            ],
            "terminal_condition": [
              {
                "execution_reason": "",
                "last_transition_time": "2024-05-20T12:04:50.094017Z",
                "message": "",
                "reason": "",
                "revision_reason": "",
                "severity": "",
                "state": "CONDITION_SUCCEEDED",
                "type": "Ready"
              }
            ],
            "timeouts": null,
            "uid": "77ef85ba-abea-48d9-b6f8-8f60713e3d6e"
          },
          "sensitive_attributes": [],
          "private": "eyJlMmJmYjczMC1lY2FhLTExZTYtOGY4OC0zNDM2M2JjN2M0YzAiOnsiY3JlYXRlIjoxMjAwMDAwMDAwMDAwLCJkZWxldGUiOjEyMDAwMDAwMDAwMDAsInVwZGF0ZSI6MTIwMDAwMDAwMDAwMH19",
          "dependencies": [
            "google_service_account.cloud_run_sa"
          ]
        }
      ]
    },
    {
      "mode": "managed",
      "type": "google_cloud_run_v2_job",
      "name": "sudden_experiments",
      "provider": "provider[\"registry.terraform.io/hashicorp/google\"]",
      "instances": [
        {
          "schema_version": 0,
          "attributes": {
            "binary_authorization": [],
            "client": "",
            "client_version": "",
            "conditions": [],
            "etag": "\"COH4rLIGEPji-JMD/cHJvamVjdHMvYmFjaGVsb3J0aGVzaXMtNDIxNTA3L2xvY2F0aW9ucy9ldXJvcGUtd2VzdDEvam9icy9zdWRkZW4tam9i\"",
            "execution_count": 0,
            "generation": "1",
            "id": "projects/bachelorthesis-421507/locations/europe-west1/jobs/sudden-job",
            "labels": {},
            "latest_created_execution": [
              {
                "completion_time": "1970-01-01T00:00:00Z",
                "create_time": "1970-01-01T00:00:00Z",
                "name": ""
              }
            ],
            "launch_stage": "GA",
            "location": "europe-west1",
            "name": "sudden-job",
            "observed_generation": "1",
            "project": "bachelorthesis-421507",
            "reconciling": false,
            "template": [
              {
                "labels": {},
                "parallelism": 0,
                "task_count": 1,
                "template": [
                  {
                    "containers": [
                      {
                        "args": [],
                        "command": [],
                        "env": [],
                        "image": "europe-west1-docker.pkg.dev/bachelorthesis-421507/mythesisimages/suddenexperiments:latest",
                        "liveness_probe": [],
                        "name": "",
                        "ports": [],
                        "resources": [
                          {
                            "limits": {
                              "cpu": "1",
                              "memory": "512Mi"
                            }
                          }
                        ],
                        "startup_probe": [],
                        "volume_mounts": [],
                        "working_dir": ""
                      }
                    ],
                    "encryption_key": "",
                    "execution_environment": "EXECUTION_ENVIRONMENT_GEN2",
                    "max_retries": 3,
                    "service_account": "cloud-run-batch-job-sa@bachelorthesis-421507.iam.gserviceaccount.com",
                    "timeout": "600s",
                    "volumes": [],
                    "vpc_access": []
                  }
                ]
              }
            ],
            "terminal_condition": [
              {
                "execution_reason": "",
                "last_transition_time": "2024-05-20T12:04:50.145822Z",
                "message": "",
                "reason": "",
                "revision_reason": "",
                "severity": "",
                "state": "CONDITION_SUCCEEDED",
                "type": "Ready"
              }
            ],
            "timeouts": null,
            "uid": "67c96676-f130-4e8f-b5a7-fbe043d46882"
          },
          "sensitive_attributes": [],
          "private": "eyJlMmJmYjczMC1lY2FhLTExZTYtOGY4OC0zNDM2M2JjN2M0YzAiOnsiY3JlYXRlIjoxMjAwMDAwMDAwMDAwLCJkZWxldGUiOjEyMDAwMDAwMDAwMDAsInVwZGF0ZSI6MTIwMDAwMDAwMDAwMH19",
          "dependencies": [
            "google_service_account.cloud_run_sa"
          ]
        }
      ]
    },
    {
      "mode": "managed",
      "type": "google_cloud_run_v2_job",
      "name": "test_experiments",
      "provider": "provider[\"registry.terraform.io/hashicorp/google\"]",
      "instances": [
        {
          "schema_version": 0,
          "attributes": {
            "binary_authorization": [],
            "client": "",
            "client_version": "",
            "conditions": [],
            "etag": "\"CKX5rLIGENj_w6EC/cHJvamVjdHMvYmFjaGVsb3J0aGVzaXMtNDIxNTA3L2xvY2F0aW9ucy9ldXJvcGUtd2VzdDEvam9icy90ZXN0LWpvYg\"",
            "execution_count": 0,
            "generation": "1",
            "id": "projects/bachelorthesis-421507/locations/europe-west1/jobs/test-job",
            "labels": null,
            "latest_created_execution": [
              {
                "completion_time": "1970-01-01T00:00:00Z",
                "create_time": "1970-01-01T00:00:00Z",
                "name": ""
              }
            ],
            "launch_stage": "GA",
            "location": "europe-west1",
            "name": "test-job",
            "observed_generation": "1",
            "project": "bachelorthesis-421507",
            "reconciling": false,
            "template": [
              {
                "labels": null,
                "parallelism": 0,
                "task_count": 1,
                "template": [
                  {
                    "containers": [
                      {
                        "args": null,
                        "command": null,
                        "env": [],
                        "image": "europe-west1-docker.pkg.dev/bachelorthesis-421507/mythesisimages/test:latest",
                        "liveness_probe": [],
                        "name": "",
                        "ports": [],
                        "resources": [
                          {
                            "limits": {
                              "cpu": "1",
                              "memory": "512Mi"
                            }
                          }
                        ],
                        "startup_probe": [],
                        "volume_mounts": [],
                        "working_dir": ""
                      }
                    ],
                    "encryption_key": "",
                    "execution_environment": "EXECUTION_ENVIRONMENT_GEN2",
                    "max_retries": 3,
                    "service_account": "cloud-run-batch-job-sa@bachelorthesis-421507.iam.gserviceaccount.com",
                    "timeout": "600s",
                    "volumes": [],
                    "vpc_access": []
                  }
                ]
              }
            ],
            "terminal_condition": [
              {
                "execution_reason": "",
                "last_transition_time": "2024-05-20T12:05:57.771075Z",
                "message": "",
                "reason": "",
                "revision_reason": "",
                "severity": "",
                "state": "CONDITION_SUCCEEDED",
                "type": "Ready"
              }
            ],
            "timeouts": null,
            "uid": "8b6fed31-4d8e-4b1d-85ef-0503845aae93"
          },
          "sensitive_attributes": [],
          "private": "eyJlMmJmYjczMC1lY2FhLTExZTYtOGY4OC0zNDM2M2JjN2M0YzAiOnsiY3JlYXRlIjoxMjAwMDAwMDAwMDAwLCJkZWxldGUiOjEyMDAwMDAwMDAwMDAsInVwZGF0ZSI6MTIwMDAwMDAwMDAwMH19",
          "dependencies": [
            "google_service_account.cloud_run_sa"
          ]
        }
      ]
    },
    {
      "mode": "managed",
      "type": "google_service_account",
      "name": "cloud_run_sa",
      "provider": "provider[\"registry.terraform.io/hashicorp/google\"]",
      "instances": [
        {
          "schema_version": 0,
          "attributes": {
            "account_id": "cloud-run-batch-job-sa",
            "description": "",
            "disabled": false,
            "display_name": "Service Account for Cloud Run Batch Jobs",
            "email": "cloud-run-batch-job-sa@bachelorthesis-421507.iam.gserviceaccount.com",
            "id": "projects/bachelorthesis-421507/serviceAccounts/cloud-run-batch-job-sa@bachelorthesis-421507.iam.gserviceaccount.com",
            "member": "serviceAccount:cloud-run-batch-job-sa@bachelorthesis-421507.iam.gserviceaccount.com",
            "name": "projects/bachelorthesis-421507/serviceAccounts/cloud-run-batch-job-sa@bachelorthesis-421507.iam.gserviceaccount.com",
            "project": "bachelorthesis-421507",
            "timeouts": null,
            "unique_id": "114144962163489442366"
          },
          "sensitive_attributes": [],
          "private": "eyJlMmJmYjczMC1lY2FhLTExZTYtOGY4OC0zNDM2M2JjN2M0YzAiOnsiY3JlYXRlIjozMDAwMDAwMDAwMDB9fQ=="
        }
      ]
    },
    {
      "mode": "managed",
      "type": "google_storage_bucket",
      "name": "my_bucket",
      "provider": "provider[\"registry.terraform.io/hashicorp/google\"]",
      "instances": [
        {
          "schema_version": 0,
          "attributes": {
            "autoclass": [],
            "cors": [],
            "custom_placement_config": [],
            "default_event_based_hold": false,
            "encryption": [],
            "force_destroy": true,
            "id": "experiments-bucket68",
            "labels": {},
            "lifecycle_rule": [],
            "location": "EUROPE-WEST1",
            "logging": [],
            "name": "experiments-bucket68",
            "project": "bachelorthesis-421507",
            "public_access_prevention": "inherited",
            "requester_pays": false,
            "retention_policy": [],
            "self_link": "https://www.googleapis.com/storage/v1/b/experiments-bucket68",
            "storage_class": "STANDARD",
            "timeouts": null,
            "uniform_bucket_level_access": false,
            "url": "gs://experiments-bucket68",
            "versioning": [],
            "website": []
          },
          "sensitive_attributes": [],
          "private": "eyJlMmJmYjczMC1lY2FhLTExZTYtOGY4OC0zNDM2M2JjN2M0YzAiOnsiY3JlYXRlIjoyNDAwMDAwMDAwMDAsInJlYWQiOjI0MDAwMDAwMDAwMCwidXBkYXRlIjoyNDAwMDAwMDAwMDB9fQ=="
        }
      ]
    },
    {
      "mode": "managed",
      "type": "google_storage_bucket_iam_member",
      "name": "bucket_writer",
      "provider": "provider[\"registry.terraform.io/hashicorp/google\"]",
      "instances": [
        {
          "schema_version": 0,
          "attributes": {
            "bucket": "b/experiments-bucket68",
            "condition": [],
            "etag": "CAI=",
            "id": "b/experiments-bucket68/roles/storage.objectCreator/serviceAccount:cloud-run-batch-job-sa@bachelorthesis-421507.iam.gserviceaccount.com",
            "member": "serviceAccount:cloud-run-batch-job-sa@bachelorthesis-421507.iam.gserviceaccount.com",
            "role": "roles/storage.objectCreator"
          },
          "sensitive_attributes": [],
          "private": "bnVsbA==",
          "dependencies": [
            "google_service_account.cloud_run_sa",
            "google_storage_bucket.my_bucket"
          ]
        }
      ]
    }
  ],
  "check_results": null
}
